{
  "name": "express",
  "version": "1.0.0",
  "lockfileVersion": 1,
  "dependencies": {
    "node-php": {
      "version": "0.0.1",
      "resolved": "https://registry.npmjs.org/node-php/-/node-php-0.0.1.tgz",
      "integrity": "sha1-ZQVUYRhBPQKcNJSTWD/0Co8VTUw="
    },
    "php-express": {
      "version": "0.0.3",
      "resolved": "https://registry.npmjs.org/php-express/-/php-express-0.0.3.tgz",
      "integrity": "sha1-aqg0IfIq51Qu0SpozlaI38NA+ow="
    }
  }
}
